// !$*UTF8*$!
{
	archiveVersion = 1;
	classes = {
	};
	objectVersion = 45;
	objects = {

/* Begin PBXBuildFile section */
		1D3623260D0F684500981E51 /* MonkSWF_Test_iPhoneAppDelegate.m in Sources */ = {isa = PBXBuildFile; fileRef = 1D3623250D0F684500981E51 /* MonkSWF_Test_iPhoneAppDelegate.m */; };
		1D60589B0D05DD56006BFB54 /* main.m in Sources */ = {isa = PBXBuildFile; fileRef = 29B97316FDCFA39411CA2CEA /* main.m */; };
		1D60589F0D05DD5A006BFB54 /* Foundation.framework in Frameworks */ = {isa = PBXBuildFile; fileRef = 1D30AB110D05D00D00671497 /* Foundation.framework */; };
		1DF5F4E00D08C38300B7A737 /* UIKit.framework in Frameworks */ = {isa = PBXBuildFile; fileRef = 1DF5F4DF0D08C38300B7A737 /* UIKit.framework */; };
		280E754D0DD40C5E005A515E /* FlipsideView.xib in Resources */ = {isa = PBXBuildFile; fileRef = 280E754A0DD40C5E005A515E /* FlipsideView.xib */; };
		280E754E0DD40C5E005A515E /* MainView.xib in Resources */ = {isa = PBXBuildFile; fileRef = 280E754B0DD40C5E005A515E /* MainView.xib */; };
		280E754F0DD40C5E005A515E /* MainWindow.xib in Resources */ = {isa = PBXBuildFile; fileRef = 280E754C0DD40C5E005A515E /* MainWindow.xib */; };
		288765590DF743DE002DB57D /* CoreGraphics.framework in Frameworks */ = {isa = PBXBuildFile; fileRef = 288765580DF743DE002DB57D /* CoreGraphics.framework */; };
		289233A60DB2D0840083E9F9 /* FlipsideView.m in Sources */ = {isa = PBXBuildFile; fileRef = 289233A30DB2D0840083E9F9 /* FlipsideView.m */; };
		289233A70DB2D0840083E9F9 /* MainView.mm in Sources */ = {isa = PBXBuildFile; fileRef = 289233A50DB2D0840083E9F9 /* MainView.mm */; };
		289233AE0DB2D0DB0083E9F9 /* MainViewController.mm in Sources */ = {isa = PBXBuildFile; fileRef = 289233A90DB2D0DB0083E9F9 /* MainViewController.mm */; };
		289233AF0DB2D0DB0083E9F9 /* RootViewController.m in Sources */ = {isa = PBXBuildFile; fileRef = 289233AB0DB2D0DB0083E9F9 /* RootViewController.m */; };
		289233B00DB2D0DB0083E9F9 /* FlipsideViewController.m in Sources */ = {isa = PBXBuildFile; fileRef = 289233AD0DB2D0DB0083E9F9 /* FlipsideViewController.m */; };
		FA01E5B30FAB79960085275C /* tatoo.swf in Resources */ = {isa = PBXBuildFile; fileRef = FA01E5B20FAB79960085275C /* tatoo.swf */; };
		FA7E7E950FB23C2300DC09A8 /* puppy.swf in Resources */ = {isa = PBXBuildFile; fileRef = FA7E7E940FB23C2300DC09A8 /* puppy.swf */; };
		FA7E7F280FB2567000DC09A8 /* monkey.swf in Resources */ = {isa = PBXBuildFile; fileRef = FA7E7F270FB2567000DC09A8 /* monkey.swf */; };
		FA8AE6520FB3A87100BDA0F6 /* giraffe.swf in Resources */ = {isa = PBXBuildFile; fileRef = FA8AE6510FB3A87100BDA0F6 /* giraffe.swf */; };
		FA9B6D3D0FBC9A8D006CEDA2 /* motorcycle.swf in Resources */ = {isa = PBXBuildFile; fileRef = FA9B6D3C0FBC9A8D006CEDA2 /* motorcycle.swf */; };
		FA9EA51B0F79A77600492ABC /* libMonkSWF.a in Frameworks */ = {isa = PBXBuildFile; fileRef = FA9EA51A0F79A75A00492ABC /* libMonkSWF.a */; };
		FA9EA51C0F79A77E00492ABC /* libMonkVG-Quartz.a in Frameworks */ = {isa = PBXBuildFile; fileRef = FA9EA5140F79A75100492ABC /* libMonkVG-Quartz.a */; };
		FAE67ACD0F7AFD670087C145 /* test.swf in Resources */ = {isa = PBXBuildFile; fileRef = FAE67ACC0F7AFD670087C145 /* test.swf */; };
		FAE67BE80F7C00240087C145 /* dog.swf in Resources */ = {isa = PBXBuildFile; fileRef = FAE67BE70F7C00240087C145 /* dog.swf */; };
		FAE67BFF0F7C02460087C145 /* daisies.swf in Resources */ = {isa = PBXBuildFile; fileRef = FAE67BFE0F7C02460087C145 /* daisies.swf */; };
/* End PBXBuildFile section */

/* Begin PBXContainerItemProxy section */
		FA9EA5130F79A75100492ABC /* PBXContainerItemProxy */ = {
			isa = PBXContainerItemProxy;
			containerPortal = FA9EA50F0F79A75100492ABC /* MonkVG-Quartz.xcodeproj */;
			proxyType = 2;
			remoteGlobalIDString = D2AAC046055464E500DB518D;
			remoteInfo = "MonkVG-Quartz";
		};
		FA9EA5190F79A75A00492ABC /* PBXContainerItemProxy */ = {
			isa = PBXContainerItemProxy;
			containerPortal = FA9EA5150F79A75A00492ABC /* MonkSWF.xcodeproj */;
			proxyType = 2;
			remoteGlobalIDString = D2AAC046055464E500DB518D;
			remoteInfo = MonkSWF;
		};
		FA9EA5260F79A7EC00492ABC /* PBXContainerItemProxy */ = {
			isa = PBXContainerItemProxy;
			containerPortal = FA9EA50F0F79A75100492ABC /* MonkVG-Quartz.xcodeproj */;
			proxyType = 1;
			remoteGlobalIDString = D2AAC045055464E500DB518D;
			remoteInfo = "MonkVG-Quartz";
		};
		FA9EA5280F79A7F100492ABC /* PBXContainerItemProxy */ = {
			isa = PBXContainerItemProxy;
			containerPortal = FA9EA5150F79A75A00492ABC /* MonkSWF.xcodeproj */;
			proxyType = 1;
			remoteGlobalIDString = D2AAC045055464E500DB518D;
			remoteInfo = MonkSWF;
		};
/* End PBXContainerItemProxy section */

/* Begin PBXFileReference section */
		1D30AB110D05D00D00671497 /* Foundation.framework */ = {isa = PBXFileReference; lastKnownFileType = wrapper.framework; name = Foundation.framework; path = System/Library/Frameworks/Foundation.framework; sourceTree = SDKROOT; };
		1D3623240D0F684500981E51 /* MonkSWF_Test_iPhoneAppDelegate.h */ = {isa = PBXFileReference; fileEncoding = 4; lastKnownFileType = sourcecode.c.h; path = MonkSWF_Test_iPhoneAppDelegate.h; sourceTree = "<group>"; };
		1D3623250D0F684500981E51 /* MonkSWF_Test_iPhoneAppDelegate.m */ = {isa = PBXFileReference; fileEncoding = 4; lastKnownFileType = sourcecode.c.objc; path = MonkSWF_Test_iPhoneAppDelegate.m; sourceTree = "<group>"; };
		1D6058910D05DD3D006BFB54 /* MonkSWF-Test-iPhone.app */ = {isa = PBXFileReference; explicitFileType = wrapper.application; includeInIndex = 0; path = "MonkSWF-Test-iPhone.app"; sourceTree = BUILT_PRODUCTS_DIR; };
		1DF5F4DF0D08C38300B7A737 /* UIKit.framework */ = {isa = PBXFileReference; lastKnownFileType = wrapper.framework; name = UIKit.framework; path = System/Library/Frameworks/UIKit.framework; sourceTree = SDKROOT; };
		280E754A0DD40C5E005A515E /* FlipsideView.xib */ = {isa = PBXFileReference; lastKnownFileType = file.xib; path = FlipsideView.xib; sourceTree = "<group>"; };
		280E754B0DD40C5E005A515E /* MainView.xib */ = {isa = PBXFileReference; lastKnownFileType = file.xib; path = MainView.xib; sourceTree = "<group>"; };
		280E754C0DD40C5E005A515E /* MainWindow.xib */ = {isa = PBXFileReference; lastKnownFileType = file.xib; path = MainWindow.xib; sourceTree = "<group>"; };
		288765580DF743DE002DB57D /* CoreGraphics.framework */ = {isa = PBXFileReference; lastKnownFileType = wrapper.framework; name = CoreGraphics.framework; path = System/Library/Frameworks/CoreGraphics.framework; sourceTree = SDKROOT; };
		289233A20DB2D0840083E9F9 /* FlipsideView.h */ = {isa = PBXFileReference; fileEncoding = 4; lastKnownFileType = sourcecode.c.h; name = FlipsideView.h; path = Classes/FlipsideView.h; sourceTree = "<group>"; };
		289233A30DB2D0840083E9F9 /* FlipsideView.m */ = {isa = PBXFileReference; fileEncoding = 4; lastKnownFileType = sourcecode.c.objc; name = FlipsideView.m; path = Classes/FlipsideView.m; sourceTree = "<group>"; };
		289233A40DB2D0840083E9F9 /* MainView.h */ = {isa = PBXFileReference; fileEncoding = 4; lastKnownFileType = sourcecode.c.h; name = MainView.h; path = Classes/MainView.h; sourceTree = "<group>"; };
		289233A50DB2D0840083E9F9 /* MainView.mm */ = {isa = PBXFileReference; fileEncoding = 4; lastKnownFileType = sourcecode.cpp.objcpp; name = MainView.mm; path = Classes/MainView.mm; sourceTree = "<group>"; };
		289233A80DB2D0DB0083E9F9 /* MainViewController.h */ = {isa = PBXFileReference; fileEncoding = 4; lastKnownFileType = sourcecode.c.h; name = MainViewController.h; path = Classes/MainViewController.h; sourceTree = "<group>"; };
		289233A90DB2D0DB0083E9F9 /* MainViewController.mm */ = {isa = PBXFileReference; fileEncoding = 4; lastKnownFileType = sourcecode.cpp.objcpp; name = MainViewController.mm; path = Classes/MainViewController.mm; sourceTree = "<group>"; };
		289233AA0DB2D0DB0083E9F9 /* RootViewController.h */ = {isa = PBXFileReference; fileEncoding = 4; lastKnownFileType = sourcecode.c.h; path = RootViewController.h; sourceTree = "<group>"; };
		289233AB0DB2D0DB0083E9F9 /* RootViewController.m */ = {isa = PBXFileReference; fileEncoding = 4; lastKnownFileType = sourcecode.c.objc; path = RootViewController.m; sourceTree = "<group>"; };
		289233AC0DB2D0DB0083E9F9 /* FlipsideViewController.h */ = {isa = PBXFileReference; fileEncoding = 4; lastKnownFileType = sourcecode.c.h; name = FlipsideViewController.h; path = Classes/FlipsideViewController.h; sourceTree = "<group>"; };
		289233AD0DB2D0DB0083E9F9 /* FlipsideViewController.m */ = {isa = PBXFileReference; fileEncoding = 4; lastKnownFileType = sourcecode.c.objc; name = FlipsideViewController.m; path = Classes/FlipsideViewController.m; sourceTree = "<group>"; };
		29B97316FDCFA39411CA2CEA /* main.m */ = {isa = PBXFileReference; fileEncoding = 4; lastKnownFileType = sourcecode.c.objc; path = main.m; sourceTree = "<group>"; };
		32CA4F630368D1EE00C91783 /* MonkSWF_Test_iPhone_Prefix.pch */ = {isa = PBXFileReference; fileEncoding = 4; lastKnownFileType = sourcecode.c.h; path = MonkSWF_Test_iPhone_Prefix.pch; sourceTree = "<group>"; };
		8D1107310486CEB800E47090 /* Info.plist */ = {isa = PBXFileReference; fileEncoding = 4; lastKnownFileType = text.plist.xml; path = Info.plist; sourceTree = "<group>"; };
		FA01E5B20FAB79960085275C /* tatoo.swf */ = {isa = PBXFileReference; lastKnownFileType = file; name = tatoo.swf; path = ../tatoo.swf; sourceTree = SOURCE_ROOT; };
		FA7E7E940FB23C2300DC09A8 /* puppy.swf */ = {isa = PBXFileReference; lastKnownFileType = file; name = puppy.swf; path = ../puppy.swf; sourceTree = SOURCE_ROOT; };
		FA7E7F270FB2567000DC09A8 /* monkey.swf */ = {isa = PBXFileReference; lastKnownFileType = file; name = monkey.swf; path = ../monkey.swf; sourceTree = SOURCE_ROOT; };
		FA8AE6510FB3A87100BDA0F6 /* giraffe.swf */ = {isa = PBXFileReference; lastKnownFileType = file; name = giraffe.swf; path = ../giraffe.swf; sourceTree = SOURCE_ROOT; };
		FA9B6D3C0FBC9A8D006CEDA2 /* motorcycle.swf */ = {isa = PBXFileReference; lastKnownFileType = file; name = motorcycle.swf; path = ../motorcycle.swf; sourceTree = SOURCE_ROOT; };
		FA9EA50F0F79A75100492ABC /* MonkVG-Quartz.xcodeproj */ = {isa = PBXFileReference; lastKnownFileType = "wrapper.pb-project"; name = "MonkVG-Quartz.xcodeproj"; path = "../../../MonkVG/projects/MonkVG-Quartz/MonkVG-Quartz.xcodeproj"; sourceTree = SOURCE_ROOT; };
		FA9EA5150F79A75A00492ABC /* MonkSWF.xcodeproj */ = {isa = PBXFileReference; lastKnownFileType = "wrapper.pb-project"; name = MonkSWF.xcodeproj; path = ../../MonkSWF.xcodeproj; sourceTree = SOURCE_ROOT; };
		FAE67ACC0F7AFD670087C145 /* test.swf */ = {isa = PBXFileReference; lastKnownFileType = file; name = test.swf; path = ../test.swf; sourceTree = SOURCE_ROOT; };
		FAE67BE70F7C00240087C145 /* dog.swf */ = {isa = PBXFileReference; lastKnownFileType = file; name = dog.swf; path = ../dog.swf; sourceTree = SOURCE_ROOT; };
		FAE67BFE0F7C02460087C145 /* daisies.swf */ = {isa = PBXFileReference; lastKnownFileType = file; name = daisies.swf; path = ../daisies.swf; sourceTree = SOURCE_ROOT; };
/* End PBXFileReference section */

/* Begin PBXFrameworksBuildPhase section */
		1D60588F0D05DD3D006BFB54 /* Frameworks */ = {
			isa = PBXFrameworksBuildPhase;
			buildActionMask = 2147483647;
			files = (
				FA9EA51C0F79A77E00492ABC /* libMonkVG-Quartz.a in Frameworks */,
				FA9EA51B0F79A77600492ABC /* libMonkSWF.a in Frameworks */,
				1D60589F0D05DD5A006BFB54 /* Foundation.framework in Frameworks */,
				1DF5F4E00D08C38300B7A737 /* UIKit.framework in Frameworks */,
				288765590DF743DE002DB57D /* CoreGraphics.framework in Frameworks */,
			);
			runOnlyForDeploymentPostprocessing = 0;
		};
/* End PBXFrameworksBuildPhase section */

/* Begin PBXGroup section */
		080E96DDFE201D6D7F000001 /* Application Controllers */ = {
			isa = PBXGroup;
			children = (
				289233AA0DB2D0DB0083E9F9 /* RootViewController.h */,
				289233AB0DB2D0DB0083E9F9 /* RootViewController.m */,
				1D3623240D0F684500981E51 /* MonkSWF_Test_iPhoneAppDelegate.h */,
				1D3623250D0F684500981E51 /* MonkSWF_Test_iPhoneAppDelegate.m */,
			);
			name = "Application Controllers";
			path = Classes;
			sourceTree = "<group>";
		};
		19C28FACFE9D520D11CA2CBB /* Products */ = {
			isa = PBXGroup;
			children = (
				1D6058910D05DD3D006BFB54 /* MonkSWF-Test-iPhone.app */,
			);
			name = Products;
			sourceTree = "<group>";
		};
		281C6CD70DB2D82200F60ACC /* Flipside View */ = {
			isa = PBXGroup;
			children = (
				289233A20DB2D0840083E9F9 /* FlipsideView.h */,
				289233A30DB2D0840083E9F9 /* FlipsideView.m */,
				289233AC0DB2D0DB0083E9F9 /* FlipsideViewController.h */,
				289233AD0DB2D0DB0083E9F9 /* FlipsideViewController.m */,
			);
			name = "Flipside View";
			sourceTree = "<group>";
		};
		289233A00DB2D0730083E9F9 /* Main View */ = {
			isa = PBXGroup;
			children = (
				289233A40DB2D0840083E9F9 /* MainView.h */,
				289233A50DB2D0840083E9F9 /* MainView.mm */,
				289233A80DB2D0DB0083E9F9 /* MainViewController.h */,
				289233A90DB2D0DB0083E9F9 /* MainViewController.mm */,
			);
			name = "Main View";
			sourceTree = "<group>";
		};
		29B97314FDCFA39411CA2CEA /* CustomTemplate */ = {
			isa = PBXGroup;
			children = (
				FA9EA5150F79A75A00492ABC /* MonkSWF.xcodeproj */,
				FA9EA50F0F79A75100492ABC /* MonkVG-Quartz.xcodeproj */,
				289233A00DB2D0730083E9F9 /* Main View */,
				281C6CD70DB2D82200F60ACC /* Flipside View */,
				080E96DDFE201D6D7F000001 /* Application Controllers */,
				29B97315FDCFA39411CA2CEA /* Other Sources */,
				29B97317FDCFA39411CA2CEA /* Resources */,
				29B97323FDCFA39411CA2CEA /* Frameworks */,
				19C28FACFE9D520D11CA2CBB /* Products */,
			);
			name = CustomTemplate;
			sourceTree = "<group>";
		};
		29B97315FDCFA39411CA2CEA /* Other Sources */ = {
			isa = PBXGroup;
			children = (
				32CA4F630368D1EE00C91783 /* MonkSWF_Test_iPhone_Prefix.pch */,
				29B97316FDCFA39411CA2CEA /* main.m */,
			);
			name = "Other Sources";
			sourceTree = "<group>";
		};
		29B97317FDCFA39411CA2CEA /* Resources */ = {
			isa = PBXGroup;
			children = (
				FA9B6D3C0FBC9A8D006CEDA2 /* motorcycle.swf */,
				FA8AE6510FB3A87100BDA0F6 /* giraffe.swf */,
				FA7E7F270FB2567000DC09A8 /* monkey.swf */,
				FA7E7E940FB23C2300DC09A8 /* puppy.swf */,
				FA01E5B20FAB79960085275C /* tatoo.swf */,
				FAE67BFE0F7C02460087C145 /* daisies.swf */,
				FAE67BE70F7C00240087C145 /* dog.swf */,
				FAE67ACC0F7AFD670087C145 /* test.swf */,
				280E754A0DD40C5E005A515E /* FlipsideView.xib */,
				280E754B0DD40C5E005A515E /* MainView.xib */,
				280E754C0DD40C5E005A515E /* MainWindow.xib */,
				8D1107310486CEB800E47090 /* Info.plist */,
			);
			name = Resources;
			sourceTree = "<group>";
		};
		29B97323FDCFA39411CA2CEA /* Frameworks */ = {
			isa = PBXGroup;
			children = (
				1DF5F4DF0D08C38300B7A737 /* UIKit.framework */,
				1D30AB110D05D00D00671497 /* Foundation.framework */,
				288765580DF743DE002DB57D /* CoreGraphics.framework */,
			);
			name = Frameworks;
			sourceTree = "<group>";
		};
		FA9EA5100F79A75100492ABC /* Products */ = {
			isa = PBXGroup;
			children = (
				FA9EA5140F79A75100492ABC /* libMonkVG-Quartz.a */,
			);
			name = Products;
			sourceTree = "<group>";
		};
		FA9EA5160F79A75A00492ABC /* Products */ = {
			isa = PBXGroup;
			children = (
				FA9EA51A0F79A75A00492ABC /* libMonkSWF.a */,
			);
			name = Products;
			sourceTree = "<group>";
		};
/* End PBXGroup section */

/* Begin PBXNativeTarget section */
		1D6058900D05DD3D006BFB54 /* MonkSWF-Test-iPhone */ = {
			isa = PBXNativeTarget;
			buildConfigurationList = 1D6058960D05DD3E006BFB54 /* Build configuration list for PBXNativeTarget "MonkSWF-Test-iPhone" */;
			buildPhases = (
				1D60588D0D05DD3D006BFB54 /* Resources */,
				1D60588E0D05DD3D006BFB54 /* Sources */,
				1D60588F0D05DD3D006BFB54 /* Frameworks */,
			);
			buildRules = (
			);
			dependencies = (
				FA9EA5270F79A7EC00492ABC /* PBXTargetDependency */,
				FA9EA5290F79A7F100492ABC /* PBXTargetDependency */,
			);
			name = "MonkSWF-Test-iPhone";
			productName = "MonkSWF-Test-iPhone";
			productReference = 1D6058910D05DD3D006BFB54 /* MonkSWF-Test-iPhone.app */;
			productType = "com.apple.product-type.application";
		};
/* End PBXNativeTarget section */

/* Begin PBXProject section */
		29B97313FDCFA39411CA2CEA /* Project object */ = {
			isa = PBXProject;
			buildConfigurationList = C01FCF4E08A954540054247B /* Build configuration list for PBXProject "MonkSWF-Test-iPhone" */;
			compatibilityVersion = "Xcode 3.1";
			hasScannedForEncodings = 1;
			knownRegions = (
				English,
				Japanese,
				French,
				German,
				en,
			);
			mainGroup = 29B97314FDCFA39411CA2CEA /* CustomTemplate */;
			projectDirPath = "";
			projectReferences = (
				{
					ProductGroup = FA9EA5160F79A75A00492ABC /* Products */;
					ProjectRef = FA9EA5150F79A75A00492ABC /* MonkSWF.xcodeproj */;
				},
				{
					ProductGroup = FA9EA5100F79A75100492ABC /* Products */;
					ProjectRef = FA9EA50F0F79A75100492ABC /* MonkVG-Quartz.xcodeproj */;
				},
			);
			projectRoot = "";
			targets = (
				1D6058900D05DD3D006BFB54 /* MonkSWF-Test-iPhone */,
			);
		};
/* End PBXProject section */

/* Begin PBXReferenceProxy section */
		FA9EA5140F79A75100492ABC /* libMonkVG-Quartz.a */ = {
			isa = PBXReferenceProxy;
			fileType = archive.ar;
			path = "libMonkVG-Quartz.a";
			remoteRef = FA9EA5130F79A75100492ABC /* PBXContainerItemProxy */;
			sourceTree = BUILT_PRODUCTS_DIR;
		};
		FA9EA51A0F79A75A00492ABC /* libMonkSWF.a */ = {
			isa = PBXReferenceProxy;
			fileType = archive.ar;
			path = libMonkSWF.a;
			remoteRef = FA9EA5190F79A75A00492ABC /* PBXContainerItemProxy */;
			sourceTree = BUILT_PRODUCTS_DIR;
		};
/* End PBXReferenceProxy section */

/* Begin PBXResourcesBuildPhase section */
		1D60588D0D05DD3D006BFB54 /* Resources */ = {
			isa = PBXResourcesBuildPhase;
			buildActionMask = 2147483647;
			files = (
				280E754D0DD40C5E005A515E /* FlipsideView.xib in Resources */,
				280E754E0DD40C5E005A515E /* MainView.xib in Resources */,
				280E754F0DD40C5E005A515E /* MainWindow.xib in Resources */,
				FAE67ACD0F7AFD670087C145 /* test.swf in Resources */,
				FAE67BE80F7C00240087C145 /* dog.swf in Resources */,
				FAE67BFF0F7C02460087C145 /* daisies.swf in Resources */,
				FA01E5B30FAB79960085275C /* tatoo.swf in Resources */,
				FA7E7E950FB23C2300DC09A8 /* puppy.swf in Resources */,
				FA7E7F280FB2567000DC09A8 /* monkey.swf in Resources */,
				FA8AE6520FB3A87100BDA0F6 /* giraffe.swf in Resources */,
				FA9B6D3D0FBC9A8D006CEDA2 /* motorcycle.swf in Resources */,
			);
			runOnlyForDeploymentPostprocessing = 0;
		};
/* End PBXResourcesBuildPhase section */

/* Begin PBXSourcesBuildPhase section */
		1D60588E0D05DD3D006BFB54 /* Sources */ = {
			isa = PBXSourcesBuildPhase;
			buildActionMask = 2147483647;
			files = (
				1D60589B0D05DD56006BFB54 /* main.m in Sources */,
				1D3623260D0F684500981E51 /* MonkSWF_Test_iPhoneAppDelegate.m in Sources */,
				289233A60DB2D0840083E9F9 /* FlipsideView.m in Sources */,
				289233A70DB2D0840083E9F9 /* MainView.mm in Sources */,
				289233AE0DB2D0DB0083E9F9 /* MainViewController.mm in Sources */,
				289233AF0DB2D0DB0083E9F9 /* RootViewController.m in Sources */,
				289233B00DB2D0DB0083E9F9 /* FlipsideViewController.m in Sources */,
			);
			runOnlyForDeploymentPostprocessing = 0;
		};
/* End PBXSourcesBuildPhase section */

/* Begin PBXTargetDependency section */
		FA9EA5270F79A7EC00492ABC /* PBXTargetDependency */ = {
			isa = PBXTargetDependency;
			name = "MonkVG-Quartz";
			targetProxy = FA9EA5260F79A7EC00492ABC /* PBXContainerItemProxy */;
		};
		FA9EA5290F79A7F100492ABC /* PBXTargetDependency */ = {
			isa = PBXTargetDependency;
			name = MonkSWF;
			targetProxy = FA9EA5280F79A7F100492ABC /* PBXContainerItemProxy */;
		};
/* End PBXTargetDependency section */

/* Begin XCBuildConfiguration section */
		1D6058940D05DD3E006BFB54 /* Debug */ = {
			isa = XCBuildConfiguration;
			buildSettings = {
				ALWAYS_SEARCH_USER_PATHS = YES;
				"CODE_SIGN_IDENTITY[sdk=iphoneos*]" = "iPhone Developer: micah pearlman";
				COPY_PHASE_STRIP = NO;
				GCC_DYNAMIC_NO_PIC = NO;
				GCC_INPUT_FILETYPE = sourcecode.cpp.objcpp;
				GCC_OPTIMIZATION_LEVEL = 0;
				GCC_PRECOMPILE_PREFIX_HEADER = YES;
				GCC_PREFIX_HEADER = MonkSWF_Test_iPhone_Prefix.pch;
				HEADER_SEARCH_PATHS = (
					"~/dev/MonkVG/include",
					"~/dev/MonkSWF",
				);
				INFOPLIST_FILE = Info.plist;
				PRODUCT_NAME = "MonkSWF-Test-iPhone";
				"PROVISIONING_PROFILE[sdk=iphoneos*]" = "DAF917AA-0B8B-4404-AC2E-ED78617742D3";
			};
			name = Debug;
		};
		1D6058950D05DD3E006BFB54 /* Release */ = {
			isa = XCBuildConfiguration;
			buildSettings = {
				ALWAYS_SEARCH_USER_PATHS = YES;
				"CODE_SIGN_IDENTITY[sdk=iphoneos*]" = "iPhone Developer: micah pearlman";
				COPY_PHASE_STRIP = YES;
				GCC_INPUT_FILETYPE = sourcecode.cpp.objcpp;
				GCC_PRECOMPILE_PREFIX_HEADER = YES;
				GCC_PREFIX_HEADER = MonkSWF_Test_iPhone_Prefix.pch;
				HEADER_SEARCH_PATHS = (
					"~/dev/MonkVG/include",
					"~/dev/MonkSWF",
				);
				INFOPLIST_FILE = Info.plist;
				PRODUCT_NAME = "MonkSWF-Test-iPhone";
				"PROVISIONING_PROFILE[sdk=iphoneos*]" = "DAF917AA-0B8B-4404-AC2E-ED78617742D3";
			};
			name = Release;
		};
		C01FCF4F08A954540054247B /* Debug */ = {
			isa = XCBuildConfiguration;
			buildSettings = {
				ARCHS = "$(ARCHS_STANDARD_32_BIT)";
				"CODE_SIGN_IDENTITY[sdk=iphoneos*]" = "iPhone Developer";
				GCC_C_LANGUAGE_STANDARD = c99;
				GCC_WARN_ABOUT_RETURN_TYPE = YES;
				GCC_WARN_UNUSED_VARIABLE = YES;
				ONLY_ACTIVE_ARCH = YES;
				PREBINDING = NO;
				SDKROOT = iphoneos2.2.1;
			};
			name = Debug;
		};
		C01FCF5008A954540054247B /* Release */ = {
			isa = XCBuildConfiguration;
			buildSettings = {
				ARCHS = "$(ARCHS_STANDARD_32_BIT)";
				"CODE_SIGN_IDENTITY[sdk=iphoneos*]" = "iPhone Developer";
				GCC_C_LANGUAGE_STANDARD = c99;
				GCC_WARN_ABOUT_RETURN_TYPE = YES;
				GCC_WARN_UNUSED_VARIABLE = YES;
				PREBINDING = NO;
				SDKROOT = iphoneos2.2.1;
			};
			name = Release;
		};
/* End XCBuildConfiguration section */

/* Begin XCConfigurationList section */
		1D6058960D05DD3E006BFB54 /* Build configuration list for PBXNativeTarget "MonkSWF-Test-iPhone" */ = {
			isa = XCConfigurationList;
			buildConfigurations = (
				1D6058940D05DD3E006BFB54 /* Debug */,
				1D6058950D05DD3E006BFB54 /* Release */,
			);
			defaultConfigurationIsVisible = 0;
			defaultConfigurationName = Release;
		};
		C01FCF4E08A954540054247B /* Build configuration list for PBXProject "MonkSWF-Test-iPhone" */ = {
			isa = XCConfigurationList;
			buildConfigurations = (
				C01FCF4F08A954540054247B /* Debug */,
				C01FCF5008A954540054247B /* Release */,
			);
			defaultConfigurationIsVisible = 0;
			defaultConfigurationName = Release;
		};
/* End XCConfigurationList section */
	};
	rootObject = 29B97313FDCFA39411CA2CEA /* Project object */;
}
